
Microsoft Visual Studio Solution File, Format Version 12.00
# Visual Studio Version 17
VisualStudioVersion = 17.5.002.0
MinimumVisualStudioVersion = 10.0.40219.1
Project("{9A19103F-16F7-4668-BE54-9A1E7A4F7556}") = "intranet", "intranet.csproj", "{9B2AEE56-9F6C-4DA8-A377-D01F01142F00}"
EndProject
Global
	GlobalSection(SolutionConfigurationPlatforms) = preSolution
		Debug|Any CPU = Debug|Any CPU
		Release|Any CPU = Release|Any CPU
	EndGlobalSection
	GlobalSection(ProjectConfigurationPlatforms) = postSolution
		{9B2AEE56-9F6C-4DA8-A377-D01F01142F00}.Debug|Any CPU.ActiveCfg = Debug|Any CPU
		{9B2AEE56-9F6C-4DA8-A377-D01F01142F00}.Debug|Any CPU.Build.0 = Debug|Any CPU
		{9B2AEE56-9F6C-4DA8-A377-D01F01142F00}.Release|Any CPU.ActiveCfg = Release|Any CPU
		{9B2AEE56-9F6C-4DA8-A377-D01F01142F00}.Release|Any CPU.Build.0 = Release|Any CPU
	EndGlobalSection
	GlobalSection(SolutionProperties) = preSolution
		HideSolutionNode = FALSE
	EndGlobalSection
	GlobalSection(ExtensibilityGlobals) = postSolution
		SolutionGuid = {E304E2AA-C7D5-4376-A903-4C84805C2EF1}
	EndGlobalSection
EndGlobal
